
Microsoft Visual Studio Solution File, Format Version 12.00
# Visual Studio Version 17
VisualStudioVersion = 17.14.36414.22 d17.14
MinimumVisualStudioVersion = 10.0.40219.1
Project("{FAE04EC0-301F-11D3-BF4B-00C04F79EFBC}") = "MvcMovie", "MvcMovie.csproj", "{61FC8F01-9CA6-4AD2-9664-28169D76B76D}"
EndProject
Global
	GlobalSection(SolutionConfigurationPlatforms) = preSolution
		Debug|Any CPU = Debug|Any CPU
		Release|Any CPU = Release|Any CPU
	EndGlobalSection
	GlobalSection(ProjectConfigurationPlatforms) = postSolution
		{61FC8F01-9CA6-4AD2-9664-28169D76B76D}.Debug|Any CPU.ActiveCfg = Debug|Any CPU
		{61FC8F01-9CA6-4AD2-9664-28169D76B76D}.Debug|Any CPU.Build.0 = Debug|Any CPU
		{61FC8F01-9CA6-4AD2-9664-28169D76B76D}.Release|Any CPU.ActiveCfg = Release|Any CPU
		{61FC8F01-9CA6-4AD2-9664-28169D76B76D}.Release|Any CPU.Build.0 = Release|Any CPU
	EndGlobalSection
	GlobalSection(SolutionProperties) = preSolution
		HideSolutionNode = FALSE
	EndGlobalSection
	GlobalSection(ExtensibilityGlobals) = postSolution
		SolutionGuid = {95A90E2B-9737-4767-9903-083A6C0B3600}
	EndGlobalSection
EndGlobal
